// !$*UTF8*$!
{
	archiveVersion = 1;
	classes = {
	};
	objectVersion = 77;
	objects = {

/* Begin PBXContainerItemProxy section */
		A0B868792DB03FFC003614E1 /* PBXContainerItemProxy */ = {
			isa = PBXContainerItemProxy;
			containerPortal = A0B8685A2DB03FFA003614E1 /* Project object */;
			proxyType = 1;
			remoteGlobalIDString = A0B868612DB03FFA003614E1;
			remoteInfo = SouSdey;
		};
		A0B868832DB03FFC003614E1 /* PBXContainerItemProxy */ = {
			isa = PBXContainerItemProxy;
			containerPortal = A0B8685A2DB03FFA003614E1 /* Project object */;
			proxyType = 1;
			remoteGlobalIDString = A0B868612DB03FFA003614E1;
			remoteInfo = SouSdey;
		};
/* End PBXContainerItemProxy section */

/* Begin PBXFileReference section */
		A0B868622DB03FFA003614E1 /* SouSdey.app */ = {isa = PBXFileReference; explicitFileType = wrapper.application; includeInIndex = 0; path = SouSdey.app; sourceTree = BUILT_PRODUCTS_DIR; };
		A0B868782DB03FFC003614E1 /* SouSdeyTests.xctest */ = {isa = PBXFileReference; explicitFileType = wrapper.cfbundle; includeInIndex = 0; path = SouSdeyTests.xctest; sourceTree = BUILT_PRODUCTS_DIR; };
		A0B868822DB03FFC003614E1 /* SouSdeyUITests.xctest */ = {isa = PBXFileReference; explicitFileType = wrapper.cfbundle; includeInIndex = 0; path = SouSdeyUITests.xctest; sourceTree = BUILT_PRODUCTS_DIR; };
/* End PBXFileReference section */

/* Begin PBXFileSystemSynchronizedBuildFileExceptionSet section */
		A0B8688A2DB03FFC003614E1 /* Exceptions for "SouSdey" folder in "SouSdey" target */ = {
			isa = PBXFileSystemSynchronizedBuildFileExceptionSet;
			membershipExceptions = (
				Info.plist,
			);
			target = A0B868612DB03FFA003614E1 /* SouSdey */;
		};
/* End PBXFileSystemSynchronizedBuildFileExceptionSet section */

/* Begin PBXFileSystemSynchronizedRootGroup section */
		A0B868642DB03FFA003614E1 /* SouSdey */ = {
			isa = PBXFileSystemSynchronizedRootGroup;
			exceptions = (
				A0B8688A2DB03FFC003614E1 /* Exceptions for "SouSdey" folder in "SouSdey" target */,
			);
			path = SouSdey;
			sourceTree = "<group>";
		};
		A0B8687B2DB03FFC003614E1 /* SouSdeyTests */ = {
			isa = PBXFileSystemSynchronizedRootGroup;
			path = SouSdeyTests;
			sourceTree = "<group>";
		};
		A0B868852DB03FFC003614E1 /* SouSdeyUITests */ = {
			isa = PBXFileSystemSynchronizedRootGroup;
			path = SouSdeyUITests;
			sourceTree = "<group>";
		};
/* End PBXFileSystemSynchronizedRootGroup section */

/* Begin PBXFrameworksBuildPhase section */
		A0B8685F2DB03FFA003614E1 /* Frameworks */ = {
			isa = PBXFrameworksBuildPhase;
			buildActionMask = 2147483647;
			files = (
			);
			runOnlyForDeploymentPostprocessing = 0;
		};
		A0B868752DB03FFC003614E1 /* Frameworks */ = {
			isa = PBXFrameworksBuildPhase;
			buildActionMask = 2147483647;
			files = (
			);
			runOnlyForDeploymentPostprocessing = 0;
		};
		A0B8687F2DB03FFC003614E1 /* Frameworks */ = {
			isa = PBXFrameworksBuildPhase;
			buildActionMask = 2147483647;
			files = (
			);
			runOnlyForDeploymentPostprocessing = 0;
		};
/* End PBXFrameworksBuildPhase section */

/* Begin PBXGroup section */
		A0B868592DB03FFA003614E1 = {
			isa = PBXGroup;
			children = (
				A0B868642DB03FFA003614E1 /* SouSdey */,
				A0B8687B2DB03FFC003614E1 /* SouSdeyTests */,
				A0B868852DB03FFC003614E1 /* SouSdeyUITests */,
				A0B868632DB03FFA003614E1 /* Products */,
			);
			sourceTree = "<group>";
		};
		A0B868632DB03FFA003614E1 /* Products */ = {
			isa = PBXGroup;
			children = (
				A0B868622DB03FFA003614E1 /* SouSdey.app */,
				A0B868782DB03FFC003614E1 /* SouSdeyTests.xctest */,
				A0B868822DB03FFC003614E1 /* SouSdeyUITests.xctest */,
			);
			name = Products;
			sourceTree = "<group>";
		};
/* End PBXGroup section */

/* Begin PBXNativeTarget section */
		A0B868612DB03FFA003614E1 /* SouSdey */ = {
			isa = PBXNativeTarget;
			buildConfigurationList = A0B8688B2DB03FFC003614E1 /* Build configuration list for PBXNativeTarget "SouSdey" */;
			buildPhases = (
				A0B8685E2DB03FFA003614E1 /* Sources */,
				A0B8685F2DB03FFA003614E1 /* Frameworks */,
				A0B868602DB03FFA003614E1 /* Resources */,
			);
			buildRules = (
			);
			dependencies = (
			);
			fileSystemSynchronizedGroups = (
				A0B868642DB03FFA003614E1 /* SouSdey */,
			);
			name = SouSdey;
			packageProductDependencies = (
			);
			productName = SouSdey;
			productReference = A0B868622DB03FFA003614E1 /* SouSdey.app */;
			productType = "com.apple.product-type.application";
		};
		A0B868772DB03FFC003614E1 /* SouSdeyTests */ = {
			isa = PBXNativeTarget;
			buildConfigurationList = A0B868902DB03FFC003614E1 /* Build configuration list for PBXNativeTarget "SouSdeyTests" */;
			buildPhases = (
				A0B868742DB03FFC003614E1 /* Sources */,
				A0B868752DB03FFC003614E1 /* Frameworks */,
				A0B868762DB03FFC003614E1 /* Resources */,
			);
			buildRules = (
			);
			dependencies = (
				A0B8687A2DB03FFC003614E1 /* PBXTargetDependency */,
			);
			fileSystemSynchronizedGroups = (
				A0B8687B2DB03FFC003614E1 /* SouSdeyTests */,
			);
			name = SouSdeyTests;
			packageProductDependencies = (
			);
			productName = SouSdeyTests;
			productReference = A0B868782DB03FFC003614E1 /* SouSdeyTests.xctest */;
			productType = "com.apple.product-type.bundle.unit-test";
		};
		A0B868812DB03FFC003614E1 /* SouSdeyUITests */ = {
			isa = PBXNativeTarget;
			buildConfigurationList = A0B868932DB03FFC003614E1 /* Build configuration list for PBXNativeTarget "SouSdeyUITests" */;
			buildPhases = (
				A0B8687E2DB03FFC003614E1 /* Sources */,
				A0B8687F2DB03FFC003614E1 /* Frameworks */,
				A0B868802DB03FFC003614E1 /* Resources */,
			);
			buildRules = (
			);
			dependencies = (
				A0B868842DB03FFC003614E1 /* PBXTargetDependency */,
			);
			fileSystemSynchronizedGroups = (
				A0B868852DB03FFC003614E1 /* SouSdeyUITests */,
			);
			name = SouSdeyUITests;
			packageProductDependencies = (
			);
			productName = SouSdeyUITests;
			productReference = A0B868822DB03FFC003614E1 /* SouSdeyUITests.xctest */;
			productType = "com.apple.product-type.bundle.ui-testing";
		};
/* End PBXNativeTarget section */

/* Begin PBXProject section */
		A0B8685A2DB03FFA003614E1 /* Project object */ = {
			isa = PBXProject;
			attributes = {
				BuildIndependentTargetsInParallel = 1;
				LastSwiftUpdateCheck = 1620;
				LastUpgradeCheck = 1620;
				TargetAttributes = {
					A0B868612DB03FFA003614E1 = {
						CreatedOnToolsVersion = 16.2;
					};
					A0B868772DB03FFC003614E1 = {
						CreatedOnToolsVersion = 16.2;
						TestTargetID = A0B868612DB03FFA003614E1;
					};
					A0B868812DB03FFC003614E1 = {
						CreatedOnToolsVersion = 16.2;
						TestTargetID = A0B868612DB03FFA003614E1;
					};
				};
			};
			buildConfigurationList = A0B8685D2DB03FFA003614E1 /* Build configuration list for PBXProject "SouSdey" */;
			developmentRegion = en;
			hasScannedForEncodings = 0;
			knownRegions = (
				en,
				Base,
			);
			mainGroup = A0B868592DB03FFA003614E1;
			minimizedProjectReferenceProxies = 1;
			preferredProjectObjectVersion = 77;
			productRefGroup = A0B868632DB03FFA003614E1 /* Products */;
			projectDirPath = "";
			projectRoot = "";
			targets = (
				A0B868612DB03FFA003614E1 /* SouSdey */,
				A0B868772DB03FFC003614E1 /* SouSdeyTests */,
				A0B868812DB03FFC003614E1 /* SouSdeyUITests */,
			);
		};
/* End PBXProject section */

/* Begin PBXResourcesBuildPhase section */
		A0B868602DB03FFA003614E1 /* Resources */ = {
			isa = PBXResourcesBuildPhase;
			buildActionMask = 2147483647;
			files = (
			);
			runOnlyForDeploymentPostprocessing = 0;
		};
		A0B868762DB03FFC003614E1 /* Resources */ = {
			isa = PBXResourcesBuildPhase;
			buildActionMask = 2147483647;
			files = (
			);
			runOnlyForDeploymentPostprocessing = 0;
		};
		A0B868802DB03FFC003614E1 /* Resources */ = {
			isa = PBXResourcesBuildPhase;
			buildActionMask = 2147483647;
			files = (
			);
			runOnlyForDeploymentPostprocessing = 0;
		};
/* End PBXResourcesBuildPhase section */

/* Begin PBXSourcesBuildPhase section */
		A0B8685E2DB03FFA003614E1 /* Sources */ = {
			isa = PBXSourcesBuildPhase;
			buildActionMask = 2147483647;
			files = (
			);
			runOnlyForDeploymentPostprocessing = 0;
		};
		A0B868742DB03FFC003614E1 /* Sources */ = {
			isa = PBXSourcesBuildPhase;
			buildActionMask = 2147483647;
			files = (
			);
			runOnlyForDeploymentPostprocessing = 0;
		};
		A0B8687E2DB03FFC003614E1 /* Sources */ = {
			isa = PBXSourcesBuildPhase;
			buildActionMask = 2147483647;
			files = (
			);
			runOnlyForDeploymentPostprocessing = 0;
		};
/* End PBXSourcesBuildPhase section */

/* Begin PBXTargetDependency section */
		A0B8687A2DB03FFC003614E1 /* PBXTargetDependency */ = {
			isa = PBXTargetDependency;
			target = A0B868612DB03FFA003614E1 /* SouSdey */;
			targetProxy = A0B868792DB03FFC003614E1 /* PBXContainerItemProxy */;
		};
		A0B868842DB03FFC003614E1 /* PBXTargetDependency */ = {
			isa = PBXTargetDependency;
			target = A0B868612DB03FFA003614E1 /* SouSdey */;
			targetProxy = A0B868832DB03FFC003614E1 /* PBXContainerItemProxy */;
		};
/* End PBXTargetDependency section */

/* Begin XCBuildConfiguration section */
		A0B8688C2DB03FFC003614E1 /* Debug */ = {
			isa = XCBuildConfiguration;
			buildSettings = {
				ASSETCATALOG_COMPILER_APPICON_NAME = AppIcon;
				ASSETCATALOG_COMPILER_GLOBAL_ACCENT_COLOR_NAME = AccentColor;
				CODE_SIGN_STYLE = Automatic;
				CURRENT_PROJECT_VERSION = 1;
				DEVELOPMENT_TEAM = D9C28JTVJV;
				GENERATE_INFOPLIST_FILE = YES;
				INFOPLIST_FILE = SouSdey/Info.plist;
				INFOPLIST_KEY_UIApplicationSupportsIndirectInputEvents = YES;
				INFOPLIST_KEY_UILaunchStoryboardName = LaunchScreen;
				INFOPLIST_KEY_UIMainStoryboardFile = Main;
				INFOPLIST_KEY_UISupportedInterfaceOrientations_iPad = "UIInterfaceOrientationPortrait UIInterfaceOrientationPortraitUpsideDown UIInterfaceOrientationLandscapeLeft UIInterfaceOrientationLandscapeRight";
				INFOPLIST_KEY_UISupportedInterfaceOrientations_iPhone = "UIInterfaceOrientationPortrait UIInterfaceOrientationLandscapeLeft UIInterfaceOrientationLandscapeRight";
				LD_RUNPATH_SEARCH_PATHS = (
					"$(inherited)",
					"@executable_path/Frameworks",
				);
				MARKETING_VERSION = 1.0;
				PRODUCT_BUNDLE_IDENTIFIER = com.cybercitycode.SouSdey;
				PRODUCT_NAME = "$(TARGET_NAME)";
				SWIFT_EMIT_LOC_STRINGS = YES;
				SWIFT_VERSION = 5.0;
				TARGETED_DEVICE_FAMILY = "1,2";
			};
			name = Debug;
		};
		A0B8688D2DB03FFC003614E1 /* Release */ = {
			isa = XCBuildConfiguration;
			buildSettings = {
				ASSETCATALOG_COMPILER_APPICON_NAME = AppIcon;
				ASSETCATALOG_COMPILER_GLOBAL_ACCENT_COLOR_NAME = AccentColor;
				CODE_SIGN_STYLE = Automatic;
				CURRENT_PROJECT_VERSION = 1;
				DEVELOPMENT_TEAM = D9C28JTVJV;
				GENERATE_INFOPLIST_FILE = YES;
				INFOPLIST_FILE = SouSdey/Info.plist;
				INFOPLIST_KEY_UIApplicationSupportsIndirectInputEvents = YES;
				INFOPLIST_KEY_UILaunchStoryboardName = LaunchScreen;
				INFOPLIST_KEY_UIMainStoryboardFile = Main;
				INFOPLIST_KEY_UISupportedInterfaceOrientations_iPad = "UIInterfaceOrientationPortrait UIInterfaceOrientationPortraitUpsideDown UIInterfaceOrientationLandscapeLeft UIInterfaceOrientationLandscapeRight";
				INFOPLIST_KEY_UISupportedInterfaceOrientations_iPhone = "UIInterfaceOrientationPortrait UIInterfaceOrientationLandscapeLeft UIInterfaceOrientationLandscapeRight";
				LD_RUNPATH_SEARCH_PATHS = (
					"$(inherited)",
					"@executable_path/Frameworks",
				);
				MARKETING_VERSION = 1.0;
				PRODUCT_BUNDLE_IDENTIFIER = com.cybercitycode.SouSdey;
				PRODUCT_NAME = "$(TARGET_NAME)";
				SWIFT_EMIT_LOC_STRINGS = YES;
				SWIFT_VERSION = 5.0;
				TARGETED_DEVICE_FAMILY = "1,2";
			};
			name = Release;
		};
		A0B8688E2DB03FFC003614E1 /* Debug */ = {
			isa = XCBuildConfiguration;
			buildSettings = {
				ALWAYS_SEARCH_USER_PATHS = NO;
				ASSETCATALOG_COMPILER_GENERATE_SWIFT_ASSET_SYMBOL_EXTENSIONS = YES;
				CLANG_ANALYZER_NONNULL = YES;
				CLANG_ANALYZER_NUMBER_OBJECT_CONVERSION = YES_AGGRESSIVE;
				CLANG_CXX_LANGUAGE_STANDARD = "gnu++20";
				CLANG_ENABLE_MODULES = YES;
				CLANG_ENABLE_OBJC_ARC = YES;
				CLANG_ENABLE_OBJC_WEAK = YES;
				CLANG_WARN_BLOCK_CAPTURE_AUTORELEASING = YES;
				CLANG_WARN_BOOL_CONVERSION = YES;
				CLANG_WARN_COMMA = YES;
				CLANG_WARN_CONSTANT_CONVERSION = YES;
				CLANG_WARN_DEPRECATED_OBJC_IMPLEMENTATIONS = YES;
				CLANG_WARN_DIRECT_OBJC_ISA_USAGE = YES_ERROR;
				CLANG_WARN_DOCUMENTATION_COMMENTS = YES;
				CLANG_WARN_EMPTY_BODY = YES;
				CLANG_WARN_ENUM_CONVERSION = YES;
				CLANG_WARN_INFINITE_RECURSION = YES;
				CLANG_WARN_INT_CONVERSION = YES;
				CLANG_WARN_NON_LITERAL_NULL_CONVERSION = YES;
				CLANG_WARN_OBJC_IMPLICIT_RETAIN_SELF = YES;
				CLANG_WARN_OBJC_LITERAL_CONVERSION = YES;
				CLANG_WARN_OBJC_ROOT_CLASS = YES_ERROR;
				CLANG_WARN_QUOTED_INCLUDE_IN_FRAMEWORK_HEADER = YES;
				CLANG_WARN_RANGE_LOOP_ANALYSIS = YES;
				CLANG_WARN_STRICT_PROTOTYPES = YES;
				CLANG_WARN_SUSPICIOUS_MOVE = YES;
				CLANG_WARN_UNGUARDED_AVAILABILITY = YES_AGGRESSIVE;
				CLANG_WARN_UNREACHABLE_CODE = YES;
				CLANG_WARN__DUPLICATE_METHOD_MATCH = YES;
				COPY_PHASE_STRIP = NO;
				DEBUG_INFORMATION_FORMAT = dwarf;
				ENABLE_STRICT_OBJC_MSGSEND = YES;
				ENABLE_TESTABILITY = YES;
				ENABLE_USER_SCRIPT_SANDBOXING = YES;
				GCC_C_LANGUAGE_STANDARD = gnu17;
				GCC_DYNAMIC_NO_PIC = NO;
				GCC_NO_COMMON_BLOCKS = YES;
				GCC_OPTIMIZATION_LEVEL = 0;
				GCC_PREPROCESSOR_DEFINITIONS = (
					"DEBUG=1",
					"$(inherited)",
				);
				GCC_WARN_64_TO_32_BIT_CONVERSION = YES;
				GCC_WARN_ABOUT_RETURN_TYPE = YES_ERROR;
				GCC_WARN_UNDECLARED_SELECTOR = YES;
				GCC_WARN_UNINITIALIZED_AUTOS = YES_AGGRESSIVE;
				GCC_WARN_UNUSED_FUNCTION = YES;
				GCC_WARN_UNUSED_VARIABLE = YES;
				IPHONEOS_DEPLOYMENT_TARGET = 18.2;
				LOCALIZATION_PREFERS_STRING_CATALOGS = YES;
				MTL_ENABLE_DEBUG_INFO = INCLUDE_SOURCE;
				MTL_FAST_MATH = YES;
				ONLY_ACTIVE_ARCH = YES;
				SDKROOT = iphoneos;
				SWIFT_ACTIVE_COMPILATION_CONDITIONS = "DEBUG $(inherited)";
				SWIFT_OPTIMIZATION_LEVEL = "-Onone";
			};
			name = Debug;
		};
		A0B8688F2DB03FFC003614E1 /* Release */ = {
			isa = XCBuildConfiguration;
			buildSettings = {
				ALWAYS_SEARCH_USER_PATHS = NO;
				ASSETCATALOG_COMPILER_GENERATE_SWIFT_ASSET_SYMBOL_EXTENSIONS = YES;
				CLANG_ANALYZER_NONNULL = YES;
				CLANG_ANALYZER_NUMBER_OBJECT_CONVERSION = YES_AGGRESSIVE;
				CLANG_CXX_LANGUAGE_STANDARD = "gnu++20";
				CLANG_ENABLE_MODULES = YES;
				CLANG_ENABLE_OBJC_ARC = YES;
				CLANG_ENABLE_OBJC_WEAK = YES;
				CLANG_WARN_BLOCK_CAPTURE_AUTORELEASING = YES;
				CLANG_WARN_BOOL_CONVERSION = YES;
				CLANG_WARN_COMMA = YES;
				CLANG_WARN_CONSTANT_CONVERSION = YES;
				CLANG_WARN_DEPRECATED_OBJC_IMPLEMENTATIONS = YES;
				CLANG_WARN_DIRECT_OBJC_ISA_USAGE = YES_ERROR;
				CLANG_WARN_DOCUMENTATION_COMMENTS = YES;
				CLANG_WARN_EMPTY_BODY = YES;
				CLANG_WARN_ENUM_CONVERSION = YES;
				CLANG_WARN_INFINITE_RECURSION = YES;
				CLANG_WARN_INT_CONVERSION = YES;
				CLANG_WARN_NON_LITERAL_NULL_CONVERSION = YES;
				CLANG_WARN_OBJC_IMPLICIT_RETAIN_SELF = YES;
				CLANG_WARN_OBJC_LITERAL_CONVERSION = YES;
				CLANG_WARN_OBJC_ROOT_CLASS = YES_ERROR;
				CLANG_WARN_QUOTED_INCLUDE_IN_FRAMEWORK_HEADER = YES;
				CLANG_WARN_RANGE_LOOP_ANALYSIS = YES;
				CLANG_WARN_STRICT_PROTOTYPES = YES;
				CLANG_WARN_SUSPICIOUS_MOVE = YES;
				CLANG_WARN_UNGUARDED_AVAILABILITY = YES_AGGRESSIVE;
				CLANG_WARN_UNREACHABLE_CODE = YES;
				CLANG_WARN__DUPLICATE_METHOD_MATCH = YES;
				COPY_PHASE_STRIP = NO;
				DEBUG_INFORMATION_FORMAT = "dwarf-with-dsym";
				ENABLE_NS_ASSERTIONS = NO;
				ENABLE_STRICT_OBJC_MSGSEND = YES;
				ENABLE_USER_SCRIPT_SANDBOXING = YES;
				GCC_C_LANGUAGE_STANDARD = gnu17;
				GCC_NO_COMMON_BLOCKS = YES;
				GCC_WARN_64_TO_32_BIT_CONVERSION = YES;
				GCC_WARN_ABOUT_RETURN_TYPE = YES_ERROR;
				GCC_WARN_UNDECLARED_SELECTOR = YES;
				GCC_WARN_UNINITIALIZED_AUTOS = YES_AGGRESSIVE;
				GCC_WARN_UNUSED_FUNCTION = YES;
				GCC_WARN_UNUSED_VARIABLE = YES;
				IPHONEOS_DEPLOYMENT_TARGET = 18.2;
				LOCALIZATION_PREFERS_STRING_CATALOGS = YES;
				MTL_ENABLE_DEBUG_INFO = NO;
				MTL_FAST_MATH = YES;
				SDKROOT = iphoneos;
				SWIFT_COMPILATION_MODE = wholemodule;
				VALIDATE_PRODUCT = YES;
			};
			name = Release;
		};
		A0B868912DB03FFC003614E1 /* Debug */ = {
			isa = XCBuildConfiguration;
			buildSettings = {
				BUNDLE_LOADER = "$(TEST_HOST)";
				CODE_SIGN_STYLE = Automatic;
				CURRENT_PROJECT_VERSION = 1;
				DEVELOPMENT_TEAM = D9C28JTVJV;
				GENERATE_INFOPLIST_FILE = YES;
				IPHONEOS_DEPLOYMENT_TARGET = 18.2;
				MARKETING_VERSION = 1.0;
				PRODUCT_BUNDLE_IDENTIFIER = com.cybercitycode.SouSdeyTests;
				PRODUCT_NAME = "$(TARGET_NAME)";
				SWIFT_EMIT_LOC_STRINGS = NO;
				SWIFT_VERSION = 5.0;
				TARGETED_DEVICE_FAMILY = "1,2";
				TEST_HOST = "$(BUILT_PRODUCTS_DIR)/SouSdey.app/$(BUNDLE_EXECUTABLE_FOLDER_PATH)/SouSdey";
			};
			name = Debug;
		};
		A0B868922DB03FFC003614E1 /* Release */ = {
			isa = XCBuildConfiguration;
			buildSettings = {
				BUNDLE_LOADER = "$(TEST_HOST)";
				CODE_SIGN_STYLE = Automatic;
				CURRENT_PROJECT_VERSION = 1;
				DEVELOPMENT_TEAM = D9C28JTVJV;
				GENERATE_INFOPLIST_FILE = YES;
				IPHONEOS_DEPLOYMENT_TARGET = 18.2;
				MARKETING_VERSION = 1.0;
				PRODUCT_BUNDLE_IDENTIFIER = com.cybercitycode.SouSdeyTests;
				PRODUCT_NAME = "$(TARGET_NAME)";
				SWIFT_EMIT_LOC_STRINGS = NO;
				SWIFT_VERSION = 5.0;
				TARGETED_DEVICE_FAMILY = "1,2";
				TEST_HOST = "$(BUILT_PRODUCTS_DIR)/SouSdey.app/$(BUNDLE_EXECUTABLE_FOLDER_PATH)/SouSdey";
			};
			name = Release;
		};
		A0B868942DB03FFC003614E1 /* Debug */ = {
			isa = XCBuildConfiguration;
			buildSettings = {
				CODE_SIGN_STYLE = Automatic;
				CURRENT_PROJECT_VERSION = 1;
				DEVELOPMENT_TEAM = D9C28JTVJV;
				GENERATE_INFOPLIST_FILE = YES;
				MARKETING_VERSION = 1.0;
				PRODUCT_BUNDLE_IDENTIFIER = com.cybercitycode.SouSdeyUITests;
				PRODUCT_NAME = "$(TARGET_NAME)";
				SWIFT_EMIT_LOC_STRINGS = NO;
				SWIFT_VERSION = 5.0;
				TARGETED_DEVICE_FAMILY = "1,2";
				TEST_TARGET_NAME = SouSdey;
			};
			name = Debug;
		};
		A0B868952DB03FFC003614E1 /* Release */ = {
			isa = XCBuildConfiguration;
			buildSettings = {
				CODE_SIGN_STYLE = Automatic;
				CURRENT_PROJECT_VERSION = 1;
				DEVELOPMENT_TEAM = D9C28JTVJV;
				GENERATE_INFOPLIST_FILE = YES;
				MARKETING_VERSION = 1.0;
				PRODUCT_BUNDLE_IDENTIFIER = com.cybercitycode.SouSdeyUITests;
				PRODUCT_NAME = "$(TARGET_NAME)";
				SWIFT_EMIT_LOC_STRINGS = NO;
				SWIFT_VERSION = 5.0;
				TARGETED_DEVICE_FAMILY = "1,2";
				TEST_TARGET_NAME = SouSdey;
			};
			name = Release;
		};
/* End XCBuildConfiguration section */

/* Begin XCConfigurationList section */
		A0B8685D2DB03FFA003614E1 /* Build configuration list for PBXProject "SouSdey" */ = {
			isa = XCConfigurationList;
			buildConfigurations = (
				A0B8688E2DB03FFC003614E1 /* Debug */,
				A0B8688F2DB03FFC003614E1 /* Release */,
			);
			defaultConfigurationIsVisible = 0;
			defaultConfigurationName = Release;
		};
		A0B8688B2DB03FFC003614E1 /* Build configuration list for PBXNativeTarget "SouSdey" */ = {
			isa = XCConfigurationList;
			buildConfigurations = (
				A0B8688C2DB03FFC003614E1 /* Debug */,
				A0B8688D2DB03FFC003614E1 /* Release */,
			);
			defaultConfigurationIsVisible = 0;
			defaultConfigurationName = Release;
		};
		A0B868902DB03FFC003614E1 /* Build configuration list for PBXNativeTarget "SouSdeyTests" */ = {
			isa = XCConfigurationList;
			buildConfigurations = (
				A0B868912DB03FFC003614E1 /* Debug */,
				A0B868922DB03FFC003614E1 /* Release */,
			);
			defaultConfigurationIsVisible = 0;
			defaultConfigurationName = Release;
		};
		A0B868932DB03FFC003614E1 /* Build configuration list for PBXNativeTarget "SouSdeyUITests" */ = {
			isa = XCConfigurationList;
			buildConfigurations = (
				A0B868942DB03FFC003614E1 /* Debug */,
				A0B868952DB03FFC003614E1 /* Release */,
			);
			defaultConfigurationIsVisible = 0;
			defaultConfigurationName = Release;
		};
/* End XCConfigurationList section */
	};
	rootObject = A0B8685A2DB03FFA003614E1 /* Project object */;
}
